
Microsoft Visual Studio Solution File, Format Version 12.00
# Visual Studio 15
VisualStudioVersion = 15.0.27703.2026
MinimumVisualStudioVersion = 10.0.40219.1
Project("{FAE04EC0-301F-11D3-BF4B-00C04F79EFBC}") = "WindowsServiceCore", "WindowsServiceCore\WindowsServiceCore.csproj", "{62DEA987-F1C3-45F8-838D-4B5208A964BB}"
EndProject
Global
	GlobalSection(SolutionConfigurationPlatforms) = preSolution
		Debug|Any CPU = Debug|Any CPU
		Release|Any CPU = Release|Any CPU
	EndGlobalSection
	GlobalSection(ProjectConfigurationPlatforms) = postSolution
		{62DEA987-F1C3-45F8-838D-4B5208A964BB}.Debug|Any CPU.ActiveCfg = Debug|Any CPU
		{62DEA987-F1C3-45F8-838D-4B5208A964BB}.Debug|Any CPU.Build.0 = Debug|Any CPU
		{62DEA987-F1C3-45F8-838D-4B5208A964BB}.Release|Any CPU.ActiveCfg = Release|Any CPU
		{62DEA987-F1C3-45F8-838D-4B5208A964BB}.Release|Any CPU.Build.0 = Release|Any CPU
	EndGlobalSection
	GlobalSection(SolutionProperties) = preSolution
		HideSolutionNode = FALSE
	EndGlobalSection
	GlobalSection(ExtensibilityGlobals) = postSolution
		SolutionGuid = {C173463E-6BC0-47DC-9BFB-DF5ACEF5DD61}
	EndGlobalSection
EndGlobal
